// !$*UTF8*$!
{
	archiveVersion = 1;
	classes = {
	};
	objectVersion = 77;
	objects = {

/* Begin PBXBuildFile section */
		DEEEB83B2F5DA1CC00E93DF0 /* libpag in Frameworks */ = {isa = PBXBuildFile; productRef = DEEEB65C2F5D9F2D00E93DF0 /* libpag */; };
/* End PBXBuildFile section */

/* Begin PBXContainerItemProxy section */
		DEEEB2A42F5C084900E93DF0 /* PBXContainerItemProxy */ = {
			isa = PBXContainerItemProxy;
			containerPortal = DEEEB28C2F5C084800E93DF0 /* Project object */;
			proxyType = 1;
			remoteGlobalIDString = DEEEB2932F5C084800E93DF0;
			remoteInfo = marin;
		};
		DEEEB2AE2F5C084900E93DF0 /* PBXContainerItemProxy */ = {
			isa = PBXContainerItemProxy;
			containerPortal = DEEEB28C2F5C084800E93DF0 /* Project object */;
			proxyType = 1;
			remoteGlobalIDString = DEEEB2932F5C084800E93DF0;
			remoteInfo = marin;
		};
/* End PBXContainerItemProxy section */

/* Begin PBXFileReference section */
		DEEEB2942F5C084800E93DF0 /* marin.app */ = {isa = PBXFileReference; explicitFileType = wrapper.application; includeInIndex = 0; path = marin.app; sourceTree = BUILT_PRODUCTS_DIR; };
		DEEEB2A32F5C084900E93DF0 /* marinTests.xctest */ = {isa = PBXFileReference; explicitFileType = wrapper.cfbundle; includeInIndex = 0; path = marinTests.xctest; sourceTree = BUILT_PRODUCTS_DIR; };
		DEEEB2AD2F5C084900E93DF0 /* marinUITests.xctest */ = {isa = PBXFileReference; explicitFileType = wrapper.cfbundle; includeInIndex = 0; path = marinUITests.xctest; sourceTree = BUILT_PRODUCTS_DIR; };
/* End PBXFileReference section */

/* Begin PBXFileSystemSynchronizedRootGroup section */
		DEEEB2962F5C084800E93DF0 /* marin */ = {
			isa = PBXFileSystemSynchronizedRootGroup;
			path = marin;
			sourceTree = "<group>";
		};
		DEEEB2A62F5C084900E93DF0 /* marinTests */ = {
			isa = PBXFileSystemSynchronizedRootGroup;
			path = marinTests;
			sourceTree = "<group>";
		};
		DEEEB2B02F5C084900E93DF0 /* marinUITests */ = {
			isa = PBXFileSystemSynchronizedRootGroup;
			path = marinUITests;
			sourceTree = "<group>";
		};
/* End PBXFileSystemSynchronizedRootGroup section */

/* Begin PBXFrameworksBuildPhase section */
		DEEEB2912F5C084800E93DF0 /* Frameworks */ = {
			isa = PBXFrameworksBuildPhase;
			buildActionMask = 2147483647;
			files = (
				DEEEB83B2F5DA1CC00E93DF0 /* libpag in Frameworks */,
			);
			runOnlyForDeploymentPostprocessing = 0;
		};
		DEEEB2A02F5C084900E93DF0 /* Frameworks */ = {
			isa = PBXFrameworksBuildPhase;
			buildActionMask = 2147483647;
			files = (
			);
			runOnlyForDeploymentPostprocessing = 0;
		};
		DEEEB2AA2F5C084900E93DF0 /* Frameworks */ = {
			isa = PBXFrameworksBuildPhase;
			buildActionMask = 2147483647;
			files = (
			);
			runOnlyForDeploymentPostprocessing = 0;
		};
/* End PBXFrameworksBuildPhase section */

/* Begin PBXGroup section */
		DEEEB28B2F5C084800E93DF0 = {
			isa = PBXGroup;
			children = (
				DEEEB2962F5C084800E93DF0 /* marin */,
				DEEEB2A62F5C084900E93DF0 /* marinTests */,
				DEEEB2B02F5C084900E93DF0 /* marinUITests */,
				DEEEB2952F5C084800E93DF0 /* Products */,
			);
			sourceTree = "<group>";
		};
		DEEEB2952F5C084800E93DF0 /* Products */ = {
			isa = PBXGroup;
			children = (
				DEEEB2942F5C084800E93DF0 /* marin.app */,
				DEEEB2A32F5C084900E93DF0 /* marinTests.xctest */,
				DEEEB2AD2F5C084900E93DF0 /* marinUITests.xctest */,
			);
			name = Products;
			sourceTree = "<group>";
		};
/* End PBXGroup section */

/* Begin PBXNativeTarget section */
		DEEEB2932F5C084800E93DF0 /* marin */ = {
			isa = PBXNativeTarget;
			buildConfigurationList = DEEEB2B72F5C084900E93DF0 /* Build configuration list for PBXNativeTarget "marin" */;
			buildPhases = (
				DEEEB2902F5C084800E93DF0 /* Sources */,
				DEEEB2912F5C084800E93DF0 /* Frameworks */,
				DEEEB2922F5C084800E93DF0 /* Resources */,
			);
			buildRules = (
			);
			dependencies = (
			);
			fileSystemSynchronizedGroups = (
				DEEEB2962F5C084800E93DF0 /* marin */,
			);
			name = marin;
			packageProductDependencies = (
				DEEEB65C2F5D9F2D00E93DF0 /* libpag */,
			);
			productName = marin;
			productReference = DEEEB2942F5C084800E93DF0 /* marin.app */;
			productType = "com.apple.product-type.application";
		};
		DEEEB2A22F5C084900E93DF0 /* marinTests */ = {
			isa = PBXNativeTarget;
			buildConfigurationList = DEEEB2BA2F5C084900E93DF0 /* Build configuration list for PBXNativeTarget "marinTests" */;
			buildPhases = (
				DEEEB29F2F5C084900E93DF0 /* Sources */,
				DEEEB2A02F5C084900E93DF0 /* Frameworks */,
				DEEEB2A12F5C084900E93DF0 /* Resources */,
			);
			buildRules = (
			);
			dependencies = (
				DEEEB2A52F5C084900E93DF0 /* PBXTargetDependency */,
			);
			fileSystemSynchronizedGroups = (
				DEEEB2A62F5C084900E93DF0 /* marinTests */,
			);
			name = marinTests;
			packageProductDependencies = (
			);
			productName = marinTests;
			productReference = DEEEB2A32F5C084900E93DF0 /* marinTests.xctest */;
			productType = "com.apple.product-type.bundle.unit-test";
		};
		DEEEB2AC2F5C084900E93DF0 /* marinUITests */ = {
			isa = PBXNativeTarget;
			buildConfigurationList = DEEEB2BD2F5C084900E93DF0 /* Build configuration list for PBXNativeTarget "marinUITests" */;
			buildPhases = (
				DEEEB2A92F5C084900E93DF0 /* Sources */,
				DEEEB2AA2F5C084900E93DF0 /* Frameworks */,
				DEEEB2AB2F5C084900E93DF0 /* Resources */,
			);
			buildRules = (
			);
			dependencies = (
				DEEEB2AF2F5C084900E93DF0 /* PBXTargetDependency */,
			);
			fileSystemSynchronizedGroups = (
				DEEEB2B02F5C084900E93DF0 /* marinUITests */,
			);
			name = marinUITests;
			packageProductDependencies = (
			);
			productName = marinUITests;
			productReference = DEEEB2AD2F5C084900E93DF0 /* marinUITests.xctest */;
			productType = "com.apple.product-type.bundle.ui-testing";
		};
/* End PBXNativeTarget section */

/* Begin PBXProject section */
		DEEEB28C2F5C084800E93DF0 /* Project object */ = {
			isa = PBXProject;
			attributes = {
				BuildIndependentTargetsInParallel = 1;
				LastSwiftUpdateCheck = 2630;
				LastUpgradeCheck = 2630;
				TargetAttributes = {
					DEEEB2932F5C084800E93DF0 = {
						CreatedOnToolsVersion = 26.3;
					};
					DEEEB2A22F5C084900E93DF0 = {
						CreatedOnToolsVersion = 26.3;
						TestTargetID = DEEEB2932F5C084800E93DF0;
					};
					DEEEB2AC2F5C084900E93DF0 = {
						CreatedOnToolsVersion = 26.3;
						TestTargetID = DEEEB2932F5C084800E93DF0;
					};
				};
			};
			buildConfigurationList = DEEEB28F2F5C084800E93DF0 /* Build configuration list for PBXProject "marin" */;
			developmentRegion = en;
			hasScannedForEncodings = 0;
			knownRegions = (
				en,
				Base,
			);
			mainGroup = DEEEB28B2F5C084800E93DF0;
			minimizedProjectReferenceProxies = 1;
			packageReferences = (
				DEEEB65B2F5D9F2D00E93DF0 /* XCRemoteSwiftPackageReference "pag-ios" */,
			);
			preferredProjectObjectVersion = 77;
			productRefGroup = DEEEB2952F5C084800E93DF0 /* Products */;
			projectDirPath = "";
			projectRoot = "";
			targets = (
				DEEEB2932F5C084800E93DF0 /* marin */,
				DEEEB2A22F5C084900E93DF0 /* marinTests */,
				DEEEB2AC2F5C084900E93DF0 /* marinUITests */,
			);
		};
/* End PBXProject section */

/* Begin PBXResourcesBuildPhase section */
		DEEEB2922F5C084800E93DF0 /* Resources */ = {
			isa = PBXResourcesBuildPhase;
			buildActionMask = 2147483647;
			files = (
			);
			runOnlyForDeploymentPostprocessing = 0;
		};
		DEEEB2A12F5C084900E93DF0 /* Resources */ = {
			isa = PBXResourcesBuildPhase;
			buildActionMask = 2147483647;
			files = (
			);
			runOnlyForDeploymentPostprocessing = 0;
		};
		DEEEB2AB2F5C084900E93DF0 /* Resources */ = {
			isa = PBXResourcesBuildPhase;
			buildActionMask = 2147483647;
			files = (
			);
			runOnlyForDeploymentPostprocessing = 0;
		};
/* End PBXResourcesBuildPhase section */

/* Begin PBXSourcesBuildPhase section */
		DEEEB2902F5C084800E93DF0 /* Sources */ = {
			isa = PBXSourcesBuildPhase;
			buildActionMask = 2147483647;
			files = (
			);
			runOnlyForDeploymentPostprocessing = 0;
		};
		DEEEB29F2F5C084900E93DF0 /* Sources */ = {
			isa = PBXSourcesBuildPhase;
			buildActionMask = 2147483647;
			files = (
			);
			runOnlyForDeploymentPostprocessing = 0;
		};
		DEEEB2A92F5C084900E93DF0 /* Sources */ = {
			isa = PBXSourcesBuildPhase;
			buildActionMask = 2147483647;
			files = (
			);
			runOnlyForDeploymentPostprocessing = 0;
		};
/* End PBXSourcesBuildPhase section */

/* Begin PBXTargetDependency section */
		DEEEB2A52F5C084900E93DF0 /* PBXTargetDependency */ = {
			isa = PBXTargetDependency;
			target = DEEEB2932F5C084800E93DF0 /* marin */;
			targetProxy = DEEEB2A42F5C084900E93DF0 /* PBXContainerItemProxy */;
		};
		DEEEB2AF2F5C084900E93DF0 /* PBXTargetDependency */ = {
			isa = PBXTargetDependency;
			target = DEEEB2932F5C084800E93DF0 /* marin */;
			targetProxy = DEEEB2AE2F5C084900E93DF0 /* PBXContainerItemProxy */;
		};
/* End PBXTargetDependency section */

/* Begin XCBuildConfiguration section */
		DEEEB2B52F5C084900E93DF0 /* Debug */ = {
			isa = XCBuildConfiguration;
			buildSettings = {
				ALWAYS_SEARCH_USER_PATHS = NO;
				ASSETCATALOG_COMPILER_GENERATE_SWIFT_ASSET_SYMBOL_EXTENSIONS = YES;
				CLANG_ANALYZER_NONNULL = YES;
				CLANG_ANALYZER_NUMBER_OBJECT_CONVERSION = YES_AGGRESSIVE;
				CLANG_CXX_LANGUAGE_STANDARD = "gnu++20";
				CLANG_ENABLE_MODULES = YES;
				CLANG_ENABLE_OBJC_ARC = YES;
				CLANG_ENABLE_OBJC_WEAK = YES;
				CLANG_WARN_BLOCK_CAPTURE_AUTORELEASING = YES;
				CLANG_WARN_BOOL_CONVERSION = YES;
				CLANG_WARN_COMMA = YES;
				CLANG_WARN_CONSTANT_CONVERSION = YES;
				CLANG_WARN_DEPRECATED_OBJC_IMPLEMENTATIONS = YES;
				CLANG_WARN_DIRECT_OBJC_ISA_USAGE = YES_ERROR;
				CLANG_WARN_DOCUMENTATION_COMMENTS = YES;
				CLANG_WARN_EMPTY_BODY = YES;
				CLANG_WARN_ENUM_CONVERSION = YES;
				CLANG_WARN_INFINITE_RECURSION = YES;
				CLANG_WARN_INT_CONVERSION = YES;
				CLANG_WARN_NON_LITERAL_NULL_CONVERSION = YES;
				CLANG_WARN_OBJC_IMPLICIT_RETAIN_SELF = YES;
				CLANG_WARN_OBJC_LITERAL_CONVERSION = YES;
				CLANG_WARN_OBJC_ROOT_CLASS = YES_ERROR;
				CLANG_WARN_QUOTED_INCLUDE_IN_FRAMEWORK_HEADER = YES;
				CLANG_WARN_RANGE_LOOP_ANALYSIS = YES;
				CLANG_WARN_STRICT_PROTOTYPES = YES;
				CLANG_WARN_SUSPICIOUS_MOVE = YES;
				CLANG_WARN_UNGUARDED_AVAILABILITY = YES_AGGRESSIVE;
				CLANG_WARN_UNREACHABLE_CODE = YES;
				CLANG_WARN__DUPLICATE_METHOD_MATCH = YES;
				COPY_PHASE_STRIP = NO;
				DEBUG_INFORMATION_FORMAT = dwarf;
				DEVELOPMENT_TEAM = 6Y5V6L2QYM;
				ENABLE_STRICT_OBJC_MSGSEND = YES;
				ENABLE_TESTABILITY = YES;
				ENABLE_USER_SCRIPT_SANDBOXING = YES;
				GCC_C_LANGUAGE_STANDARD = gnu17;
				GCC_DYNAMIC_NO_PIC = NO;
				GCC_NO_COMMON_BLOCKS = YES;
				GCC_OPTIMIZATION_LEVEL = 0;
				GCC_PREPROCESSOR_DEFINITIONS = (
					"DEBUG=1",
					"$(inherited)",
				);
				GCC_WARN_64_TO_32_BIT_CONVERSION = YES;
				GCC_WARN_ABOUT_RETURN_TYPE = YES_ERROR;
				GCC_WARN_UNDECLARED_SELECTOR = YES;
				GCC_WARN_UNINITIALIZED_AUTOS = YES_AGGRESSIVE;
				GCC_WARN_UNUSED_FUNCTION = YES;
				GCC_WARN_UNUSED_VARIABLE = YES;
				LOCALIZATION_PREFERS_STRING_CATALOGS = YES;
				MTL_ENABLE_DEBUG_INFO = INCLUDE_SOURCE;
				MTL_FAST_MATH = YES;
				ONLY_ACTIVE_ARCH = YES;
				SWIFT_ACTIVE_COMPILATION_CONDITIONS = "DEBUG $(inherited)";
				SWIFT_OPTIMIZATION_LEVEL = "-Onone";
			};
			name = Debug;
		};
		DEEEB2B62F5C084900E93DF0 /* Release */ = {
			isa = XCBuildConfiguration;
			buildSettings = {
				ALWAYS_SEARCH_USER_PATHS = NO;
				ASSETCATALOG_COMPILER_GENERATE_SWIFT_ASSET_SYMBOL_EXTENSIONS = YES;
				CLANG_ANALYZER_NONNULL = YES;
				CLANG_ANALYZER_NUMBER_OBJECT_CONVERSION = YES_AGGRESSIVE;
				CLANG_CXX_LANGUAGE_STANDARD = "gnu++20";
				CLANG_ENABLE_MODULES = YES;
				CLANG_ENABLE_OBJC_ARC = YES;
				CLANG_ENABLE_OBJC_WEAK = YES;
				CLANG_WARN_BLOCK_CAPTURE_AUTORELEASING = YES;
				CLANG_WARN_BOOL_CONVERSION = YES;
				CLANG_WARN_COMMA = YES;
				CLANG_WARN_CONSTANT_CONVERSION = YES;
				CLANG_WARN_DEPRECATED_OBJC_IMPLEMENTATIONS = YES;
				CLANG_WARN_DIRECT_OBJC_ISA_USAGE = YES_ERROR;
				CLANG_WARN_DOCUMENTATION_COMMENTS = YES;
				CLANG_WARN_EMPTY_BODY = YES;
				CLANG_WARN_ENUM_CONVERSION = YES;
				CLANG_WARN_INFINITE_RECURSION = YES;
				CLANG_WARN_INT_CONVERSION = YES;
				CLANG_WARN_NON_LITERAL_NULL_CONVERSION = YES;
				CLANG_WARN_OBJC_IMPLICIT_RETAIN_SELF = YES;
				CLANG_WARN_OBJC_LITERAL_CONVERSION = YES;
				CLANG_WARN_OBJC_ROOT_CLASS = YES_ERROR;
				CLANG_WARN_QUOTED_INCLUDE_IN_FRAMEWORK_HEADER = YES;
				CLANG_WARN_RANGE_LOOP_ANALYSIS = YES;
				CLANG_WARN_STRICT_PROTOTYPES = YES;
				CLANG_WARN_SUSPICIOUS_MOVE = YES;
				CLANG_WARN_UNGUARDED_AVAILABILITY = YES_AGGRESSIVE;
				CLANG_WARN_UNREACHABLE_CODE = YES;
				CLANG_WARN__DUPLICATE_METHOD_MATCH = YES;
				COPY_PHASE_STRIP = NO;
				DEBUG_INFORMATION_FORMAT = "dwarf-with-dsym";
				DEVELOPMENT_TEAM = 6Y5V6L2QYM;
				ENABLE_NS_ASSERTIONS = NO;
				ENABLE_STRICT_OBJC_MSGSEND = YES;
				ENABLE_USER_SCRIPT_SANDBOXING = YES;
				GCC_C_LANGUAGE_STANDARD = gnu17;
				GCC_NO_COMMON_BLOCKS = YES;
				GCC_WARN_64_TO_32_BIT_CONVERSION = YES;
				GCC_WARN_ABOUT_RETURN_TYPE = YES_ERROR;
				GCC_WARN_UNDECLARED_SELECTOR = YES;
				GCC_WARN_UNINITIALIZED_AUTOS = YES_AGGRESSIVE;
				GCC_WARN_UNUSED_FUNCTION = YES;
				GCC_WARN_UNUSED_VARIABLE = YES;
				LOCALIZATION_PREFERS_STRING_CATALOGS = YES;
				MTL_ENABLE_DEBUG_INFO = NO;
				MTL_FAST_MATH = YES;
				SWIFT_COMPILATION_MODE = wholemodule;
			};
			name = Release;
		};
		DEEEB2B82F5C084900E93DF0 /* Debug */ = {
			isa = XCBuildConfiguration;
			buildSettings = {
				ASSETCATALOG_COMPILER_APPICON_NAME = AppIcon;
				ASSETCATALOG_COMPILER_GLOBAL_ACCENT_COLOR_NAME = AccentColor;
				CODE_SIGN_STYLE = Automatic;
				CURRENT_PROJECT_VERSION = 1;
				DEVELOPMENT_TEAM = 6Y5V6L2QYM;
				ENABLE_APP_SANDBOX = YES;
				ENABLE_HARDENED_RUNTIME = YES;
				ENABLE_PREVIEWS = YES;
				ENABLE_USER_SELECTED_FILES = readonly;
				GENERATE_INFOPLIST_FILE = YES;
				INFOPLIST_KEY_NSBluetoothAlwaysUsageDescription = "Marin uses Bluetooth to find and control your LOOI robot.";
				INFOPLIST_KEY_NSBluetoothPeripheralUsageDescription = "Marin uses Bluetooth to communicate with your LOOI robot.";
				INFOPLIST_KEY_NSCameraUsageDescription = "Marin uses the camera for realtime interaction cues.";
				INFOPLIST_KEY_NSMicrophoneUsageDescription = "Marin uses the microphone for realtime voice interaction.";
				"INFOPLIST_KEY_UIApplicationSceneManifest_Generation[sdk=iphoneos*]" = YES;
				"INFOPLIST_KEY_UIApplicationSceneManifest_Generation[sdk=iphonesimulator*]" = YES;
				"INFOPLIST_KEY_UIApplicationSupportsIndirectInputEvents[sdk=iphoneos*]" = YES;
				"INFOPLIST_KEY_UIApplicationSupportsIndirectInputEvents[sdk=iphonesimulator*]" = YES;
				"INFOPLIST_KEY_UILaunchScreen_Generation[sdk=iphoneos*]" = YES;
				"INFOPLIST_KEY_UILaunchScreen_Generation[sdk=iphonesimulator*]" = YES;
				"INFOPLIST_KEY_UIStatusBarStyle[sdk=iphoneos*]" = UIStatusBarStyleDefault;
				"INFOPLIST_KEY_UIStatusBarStyle[sdk=iphonesimulator*]" = UIStatusBarStyleDefault;
				INFOPLIST_KEY_UISupportedInterfaceOrientations_iPad = "UIInterfaceOrientationPortrait UIInterfaceOrientationPortraitUpsideDown UIInterfaceOrientationLandscapeLeft UIInterfaceOrientationLandscapeRight";
				INFOPLIST_KEY_UISupportedInterfaceOrientations_iPhone = "UIInterfaceOrientationPortrait UIInterfaceOrientationLandscapeLeft UIInterfaceOrientationLandscapeRight";
				IPHONEOS_DEPLOYMENT_TARGET = 26.2;
				LD_RUNPATH_SEARCH_PATHS = "@executable_path/Frameworks";
				"LD_RUNPATH_SEARCH_PATHS[sdk=macosx*]" = "@executable_path/../Frameworks";
				MACOSX_DEPLOYMENT_TARGET = 26.2;
				MARKETING_VERSION = 1.0;
				PRODUCT_BUNDLE_IDENTIFIER = simpletalk.marin;
				PRODUCT_NAME = "$(TARGET_NAME)";
				REGISTER_APP_GROUPS = YES;
				SDKROOT = auto;
				STRING_CATALOG_GENERATE_SYMBOLS = YES;
				SUPPORTED_PLATFORMS = "iphoneos iphonesimulator macosx xros xrsimulator";
				SWIFT_APPROACHABLE_CONCURRENCY = YES;
				SWIFT_DEFAULT_ACTOR_ISOLATION = MainActor;
				SWIFT_EMIT_LOC_STRINGS = YES;
				SWIFT_UPCOMING_FEATURE_MEMBER_IMPORT_VISIBILITY = YES;
				SWIFT_VERSION = 5.0;
				TARGETED_DEVICE_FAMILY = "1,2,7";
				XROS_DEPLOYMENT_TARGET = 26.2;
			};
			name = Debug;
		};
		DEEEB2B92F5C084900E93DF0 /* Release */ = {
			isa = XCBuildConfiguration;
			buildSettings = {
				ASSETCATALOG_COMPILER_APPICON_NAME = AppIcon;
				ASSETCATALOG_COMPILER_GLOBAL_ACCENT_COLOR_NAME = AccentColor;
				CODE_SIGN_STYLE = Automatic;
				CURRENT_PROJECT_VERSION = 1;
				DEVELOPMENT_TEAM = 6Y5V6L2QYM;
				ENABLE_APP_SANDBOX = YES;
				ENABLE_HARDENED_RUNTIME = YES;
				ENABLE_PREVIEWS = YES;
				ENABLE_USER_SELECTED_FILES = readonly;
				GENERATE_INFOPLIST_FILE = YES;
				INFOPLIST_KEY_NSBluetoothAlwaysUsageDescription = "Marin uses Bluetooth to find and control your LOOI robot.";
				INFOPLIST_KEY_NSBluetoothPeripheralUsageDescription = "Marin uses Bluetooth to communicate with your LOOI robot.";
				INFOPLIST_KEY_NSCameraUsageDescription = "Marin uses the camera for realtime interaction cues.";
				INFOPLIST_KEY_NSMicrophoneUsageDescription = "Marin uses the microphone for realtime voice interaction.";
				"INFOPLIST_KEY_UIApplicationSceneManifest_Generation[sdk=iphoneos*]" = YES;
				"INFOPLIST_KEY_UIApplicationSceneManifest_Generation[sdk=iphonesimulator*]" = YES;
				"INFOPLIST_KEY_UIApplicationSupportsIndirectInputEvents[sdk=iphoneos*]" = YES;
				"INFOPLIST_KEY_UIApplicationSupportsIndirectInputEvents[sdk=iphonesimulator*]" = YES;
				"INFOPLIST_KEY_UILaunchScreen_Generation[sdk=iphoneos*]" = YES;
				"INFOPLIST_KEY_UILaunchScreen_Generation[sdk=iphonesimulator*]" = YES;
				"INFOPLIST_KEY_UIStatusBarStyle[sdk=iphoneos*]" = UIStatusBarStyleDefault;
				"INFOPLIST_KEY_UIStatusBarStyle[sdk=iphonesimulator*]" = UIStatusBarStyleDefault;
				INFOPLIST_KEY_UISupportedInterfaceOrientations_iPad = "UIInterfaceOrientationPortrait UIInterfaceOrientationPortraitUpsideDown UIInterfaceOrientationLandscapeLeft UIInterfaceOrientationLandscapeRight";
				INFOPLIST_KEY_UISupportedInterfaceOrientations_iPhone = "UIInterfaceOrientationPortrait UIInterfaceOrientationLandscapeLeft UIInterfaceOrientationLandscapeRight";
				IPHONEOS_DEPLOYMENT_TARGET = 26.2;
				LD_RUNPATH_SEARCH_PATHS = "@executable_path/Frameworks";
				"LD_RUNPATH_SEARCH_PATHS[sdk=macosx*]" = "@executable_path/../Frameworks";
				MACOSX_DEPLOYMENT_TARGET = 26.2;
				MARKETING_VERSION = 1.0;
				PRODUCT_BUNDLE_IDENTIFIER = simpletalk.marin;
				PRODUCT_NAME = "$(TARGET_NAME)";
				REGISTER_APP_GROUPS = YES;
				SDKROOT = auto;
				STRING_CATALOG_GENERATE_SYMBOLS = YES;
				SUPPORTED_PLATFORMS = "iphoneos iphonesimulator macosx xros xrsimulator";
				SWIFT_APPROACHABLE_CONCURRENCY = YES;
				SWIFT_DEFAULT_ACTOR_ISOLATION = MainActor;
				SWIFT_EMIT_LOC_STRINGS = YES;
				SWIFT_UPCOMING_FEATURE_MEMBER_IMPORT_VISIBILITY = YES;
				SWIFT_VERSION = 5.0;
				TARGETED_DEVICE_FAMILY = "1,2,7";
				XROS_DEPLOYMENT_TARGET = 26.2;
			};
			name = Release;
		};
		DEEEB2BB2F5C084900E93DF0 /* Debug */ = {
			isa = XCBuildConfiguration;
			buildSettings = {
				BUNDLE_LOADER = "$(TEST_HOST)";
				CODE_SIGN_STYLE = Automatic;
				CURRENT_PROJECT_VERSION = 1;
				DEVELOPMENT_TEAM = 6Y5V6L2QYM;
				GENERATE_INFOPLIST_FILE = YES;
				IPHONEOS_DEPLOYMENT_TARGET = 26.2;
				MACOSX_DEPLOYMENT_TARGET = 26.2;
				MARKETING_VERSION = 1.0;
				PRODUCT_BUNDLE_IDENTIFIER = simpletalk.marinTests;
				PRODUCT_NAME = "$(TARGET_NAME)";
				SDKROOT = auto;
				STRING_CATALOG_GENERATE_SYMBOLS = NO;
				SUPPORTED_PLATFORMS = "iphoneos iphonesimulator macosx xros xrsimulator";
				SWIFT_APPROACHABLE_CONCURRENCY = YES;
				SWIFT_EMIT_LOC_STRINGS = NO;
				SWIFT_UPCOMING_FEATURE_MEMBER_IMPORT_VISIBILITY = YES;
				SWIFT_VERSION = 5.0;
				TARGETED_DEVICE_FAMILY = "1,2,7";
				TEST_HOST = "$(BUILT_PRODUCTS_DIR)/marin.app/$(BUNDLE_EXECUTABLE_FOLDER_PATH)/marin";
				XROS_DEPLOYMENT_TARGET = 26.2;
			};
			name = Debug;
		};
		DEEEB2BC2F5C084900E93DF0 /* Release */ = {
			isa = XCBuildConfiguration;
			buildSettings = {
				BUNDLE_LOADER = "$(TEST_HOST)";
				CODE_SIGN_STYLE = Automatic;
				CURRENT_PROJECT_VERSION = 1;
				DEVELOPMENT_TEAM = 6Y5V6L2QYM;
				GENERATE_INFOPLIST_FILE = YES;
				IPHONEOS_DEPLOYMENT_TARGET = 26.2;
				MACOSX_DEPLOYMENT_TARGET = 26.2;
				MARKETING_VERSION = 1.0;
				PRODUCT_BUNDLE_IDENTIFIER = simpletalk.marinTests;
				PRODUCT_NAME = "$(TARGET_NAME)";
				SDKROOT = auto;
				STRING_CATALOG_GENERATE_SYMBOLS = NO;
				SUPPORTED_PLATFORMS = "iphoneos iphonesimulator macosx xros xrsimulator";
				SWIFT_APPROACHABLE_CONCURRENCY = YES;
				SWIFT_EMIT_LOC_STRINGS = NO;
				SWIFT_UPCOMING_FEATURE_MEMBER_IMPORT_VISIBILITY = YES;
				SWIFT_VERSION = 5.0;
				TARGETED_DEVICE_FAMILY = "1,2,7";
				TEST_HOST = "$(BUILT_PRODUCTS_DIR)/marin.app/$(BUNDLE_EXECUTABLE_FOLDER_PATH)/marin";
				XROS_DEPLOYMENT_TARGET = 26.2;
			};
			name = Release;
		};
		DEEEB2BE2F5C084900E93DF0 /* Debug */ = {
			isa = XCBuildConfiguration;
			buildSettings = {
				CODE_SIGN_STYLE = Automatic;
				CURRENT_PROJECT_VERSION = 1;
				DEVELOPMENT_TEAM = 6Y5V6L2QYM;
				GENERATE_INFOPLIST_FILE = YES;
				IPHONEOS_DEPLOYMENT_TARGET = 26.2;
				MACOSX_DEPLOYMENT_TARGET = 26.2;
				MARKETING_VERSION = 1.0;
				PRODUCT_BUNDLE_IDENTIFIER = simpletalk.marinUITests;
				PRODUCT_NAME = "$(TARGET_NAME)";
				SDKROOT = auto;
				STRING_CATALOG_GENERATE_SYMBOLS = NO;
				SUPPORTED_PLATFORMS = "iphoneos iphonesimulator macosx xros xrsimulator";
				SWIFT_APPROACHABLE_CONCURRENCY = YES;
				SWIFT_EMIT_LOC_STRINGS = NO;
				SWIFT_UPCOMING_FEATURE_MEMBER_IMPORT_VISIBILITY = YES;
				SWIFT_VERSION = 5.0;
				TARGETED_DEVICE_FAMILY = "1,2,7";
				TEST_TARGET_NAME = marin;
				XROS_DEPLOYMENT_TARGET = 26.2;
			};
			name = Debug;
		};
		DEEEB2BF2F5C084900E93DF0 /* Release */ = {
			isa = XCBuildConfiguration;
			buildSettings = {
				CODE_SIGN_STYLE = Automatic;
				CURRENT_PROJECT_VERSION = 1;
				DEVELOPMENT_TEAM = 6Y5V6L2QYM;
				GENERATE_INFOPLIST_FILE = YES;
				IPHONEOS_DEPLOYMENT_TARGET = 26.2;
				MACOSX_DEPLOYMENT_TARGET = 26.2;
				MARKETING_VERSION = 1.0;
				PRODUCT_BUNDLE_IDENTIFIER = simpletalk.marinUITests;
				PRODUCT_NAME = "$(TARGET_NAME)";
				SDKROOT = auto;
				STRING_CATALOG_GENERATE_SYMBOLS = NO;
				SUPPORTED_PLATFORMS = "iphoneos iphonesimulator macosx xros xrsimulator";
				SWIFT_APPROACHABLE_CONCURRENCY = YES;
				SWIFT_EMIT_LOC_STRINGS = NO;
				SWIFT_UPCOMING_FEATURE_MEMBER_IMPORT_VISIBILITY = YES;
				SWIFT_VERSION = 5.0;
				TARGETED_DEVICE_FAMILY = "1,2,7";
				TEST_TARGET_NAME = marin;
				XROS_DEPLOYMENT_TARGET = 26.2;
			};
			name = Release;
		};
/* End XCBuildConfiguration section */

/* Begin XCConfigurationList section */
		DEEEB28F2F5C084800E93DF0 /* Build configuration list for PBXProject "marin" */ = {
			isa = XCConfigurationList;
			buildConfigurations = (
				DEEEB2B52F5C084900E93DF0 /* Debug */,
				DEEEB2B62F5C084900E93DF0 /* Release */,
			);
			defaultConfigurationIsVisible = 0;
			defaultConfigurationName = Release;
		};
		DEEEB2B72F5C084900E93DF0 /* Build configuration list for PBXNativeTarget "marin" */ = {
			isa = XCConfigurationList;
			buildConfigurations = (
				DEEEB2B82F5C084900E93DF0 /* Debug */,
				DEEEB2B92F5C084900E93DF0 /* Release */,
			);
			defaultConfigurationIsVisible = 0;
			defaultConfigurationName = Release;
		};
		DEEEB2BA2F5C084900E93DF0 /* Build configuration list for PBXNativeTarget "marinTests" */ = {
			isa = XCConfigurationList;
			buildConfigurations = (
				DEEEB2BB2F5C084900E93DF0 /* Debug */,
				DEEEB2BC2F5C084900E93DF0 /* Release */,
			);
			defaultConfigurationIsVisible = 0;
			defaultConfigurationName = Release;
		};
		DEEEB2BD2F5C084900E93DF0 /* Build configuration list for PBXNativeTarget "marinUITests" */ = {
			isa = XCConfigurationList;
			buildConfigurations = (
				DEEEB2BE2F5C084900E93DF0 /* Debug */,
				DEEEB2BF2F5C084900E93DF0 /* Release */,
			);
			defaultConfigurationIsVisible = 0;
			defaultConfigurationName = Release;
		};
/* End XCConfigurationList section */

/* Begin XCRemoteSwiftPackageReference section */
		DEEEB65B2F5D9F2D00E93DF0 /* XCRemoteSwiftPackageReference "pag-ios" */ = {
			isa = XCRemoteSwiftPackageReference;
			repositoryURL = "https://github.com/libpag/pag-ios.git";
			requirement = {
				kind = exactVersion;
				version = 4.5.36;
			};
		};
/* End XCRemoteSwiftPackageReference section */

/* Begin XCSwiftPackageProductDependency section */
		DEEEB65C2F5D9F2D00E93DF0 /* libpag */ = {
			isa = XCSwiftPackageProductDependency;
			package = DEEEB65B2F5D9F2D00E93DF0 /* XCRemoteSwiftPackageReference "pag-ios" */;
			productName = libpag;
		};
/* End XCSwiftPackageProductDependency section */
	};
	rootObject = DEEEB28C2F5C084800E93DF0 /* Project object */;
}
